
Microsoft Visual Studio Solution File, Format Version 12.00
# Visual Studio Version 16
VisualStudioVersion = 16.0.30523.141
MinimumVisualStudioVersion = 10.0.40219.1
Project("{FAE04EC0-301F-11D3-BF4B-00C04F79EFBC}") = "zakuBlink2", "zakuBlink2\zakuBlink2.csproj", "{3F852D0A-23B2-4F48-AD3D-748BDEB5F73D}"
EndProject
Global
	GlobalSection(SolutionConfigurationPlatforms) = preSolution
		Debug|Any CPU = Debug|Any CPU
		Release|Any CPU = Release|Any CPU
	EndGlobalSection
	GlobalSection(ProjectConfigurationPlatforms) = postSolution
		{3F852D0A-23B2-4F48-AD3D-748BDEB5F73D}.Debug|Any CPU.ActiveCfg = Debug|Any CPU
		{3F852D0A-23B2-4F48-AD3D-748BDEB5F73D}.Debug|Any CPU.Build.0 = Debug|Any CPU
		{3F852D0A-23B2-4F48-AD3D-748BDEB5F73D}.Release|Any CPU.ActiveCfg = Release|Any CPU
		{3F852D0A-23B2-4F48-AD3D-748BDEB5F73D}.Release|Any CPU.Build.0 = Release|Any CPU
	EndGlobalSection
	GlobalSection(SolutionProperties) = preSolution
		HideSolutionNode = FALSE
	EndGlobalSection
	GlobalSection(ExtensibilityGlobals) = postSolution
		SolutionGuid = {BA320BE3-CFB4-4A50-BD60-FB0ABD62654F}
	EndGlobalSection
EndGlobal
